
Microsoft Visual Studio Solution File, Format Version 12.00
# Visual Studio 15
VisualStudioVersion = 15.0.26730.16
MinimumVisualStudioVersion = 10.0.40219.1
Project("{FAE04EC0-301F-11D3-BF4B-00C04F79EFBC}") = "AuctionHouse03", "AuctionHouse03\AuctionHouse03.csproj", "{48438159-11AB-4D04-BC29-32FEDACEC05D}"
EndProject
Global
	GlobalSection(SolutionConfigurationPlatforms) = preSolution
		Debug|Any CPU = Debug|Any CPU
		Release|Any CPU = Release|Any CPU
	EndGlobalSection
	GlobalSection(ProjectConfigurationPlatforms) = postSolution
		{48438159-11AB-4D04-BC29-32FEDACEC05D}.Debug|Any CPU.ActiveCfg = Debug|Any CPU
		{48438159-11AB-4D04-BC29-32FEDACEC05D}.Debug|Any CPU.Build.0 = Debug|Any CPU
		{48438159-11AB-4D04-BC29-32FEDACEC05D}.Release|Any CPU.ActiveCfg = Release|Any CPU
		{48438159-11AB-4D04-BC29-32FEDACEC05D}.Release|Any CPU.Build.0 = Release|Any CPU
	EndGlobalSection
	GlobalSection(SolutionProperties) = preSolution
		HideSolutionNode = FALSE
	EndGlobalSection
	GlobalSection(ExtensibilityGlobals) = postSolution
		SolutionGuid = {B1C94162-00C2-4735-B289-EDC3805A5750}
	EndGlobalSection
EndGlobal
